
Microsoft Visual Studio Solution File, Format Version 12.00
# Visual Studio Version 16
VisualStudioVersion = 16.0.29709.97
MinimumVisualStudioVersion = 10.0.40219.1
Project("{9A19103F-16F7-4668-BE54-9A1E7A4F7556}") = "TicTacToe", "TicTacToe.csproj", "{CED2EC3D-D430-485B-8F20-8BD441AAD72E}"
EndProject
Project("{FAE04EC0-301F-11D3-BF4B-00C04F79EFBC}") = "TicTacToeUnitTests", "..\TicTacToeUnitTests\TicTacToeUnitTests.csproj", "{4C468868-9398-40CA-B5E0-49AC3ADB40A4}"
EndProject
Global
	GlobalSection(SolutionConfigurationPlatforms) = preSolution
		Debug|Any CPU = Debug|Any CPU
		Debug|x64 = Debug|x64
		Release|Any CPU = Release|Any CPU
		Release|x64 = Release|x64
	EndGlobalSection
	GlobalSection(ProjectConfigurationPlatforms) = postSolution
		{CED2EC3D-D430-485B-8F20-8BD441AAD72E}.Debug|Any CPU.ActiveCfg = Debug|x64
		{CED2EC3D-D430-485B-8F20-8BD441AAD72E}.Debug|Any CPU.Build.0 = Debug|x64
		{CED2EC3D-D430-485B-8F20-8BD441AAD72E}.Debug|x64.ActiveCfg = Debug|x64
		{CED2EC3D-D430-485B-8F20-8BD441AAD72E}.Debug|x64.Build.0 = Debug|x64
		{CED2EC3D-D430-485B-8F20-8BD441AAD72E}.Release|Any CPU.ActiveCfg = Release|Any CPU
		{CED2EC3D-D430-485B-8F20-8BD441AAD72E}.Release|Any CPU.Build.0 = Release|Any CPU
		{CED2EC3D-D430-485B-8F20-8BD441AAD72E}.Release|x64.ActiveCfg = Release|x64
		{CED2EC3D-D430-485B-8F20-8BD441AAD72E}.Release|x64.Build.0 = Release|x64
		{4C468868-9398-40CA-B5E0-49AC3ADB40A4}.Debug|Any CPU.ActiveCfg = Debug|Any CPU
		{4C468868-9398-40CA-B5E0-49AC3ADB40A4}.Debug|Any CPU.Build.0 = Debug|Any CPU
		{4C468868-9398-40CA-B5E0-49AC3ADB40A4}.Debug|x64.ActiveCfg = Debug|Any CPU
		{4C468868-9398-40CA-B5E0-49AC3ADB40A4}.Debug|x64.Build.0 = Debug|Any CPU
		{4C468868-9398-40CA-B5E0-49AC3ADB40A4}.Release|Any CPU.ActiveCfg = Release|Any CPU
		{4C468868-9398-40CA-B5E0-49AC3ADB40A4}.Release|Any CPU.Build.0 = Release|Any CPU
		{4C468868-9398-40CA-B5E0-49AC3ADB40A4}.Release|x64.ActiveCfg = Release|Any CPU
		{4C468868-9398-40CA-B5E0-49AC3ADB40A4}.Release|x64.Build.0 = Release|Any CPU
	EndGlobalSection
	GlobalSection(SolutionProperties) = preSolution
		HideSolutionNode = FALSE
	EndGlobalSection
	GlobalSection(ExtensibilityGlobals) = postSolution
		SolutionGuid = {80261638-8478-4E98-ABC9-2C25E9B4B02D}
	EndGlobalSection
EndGlobal
